
Microsoft Visual Studio Solution File, Format Version 12.00
# Visual Studio 15
VisualStudioVersion = 15.0.28307.271
MinimumVisualStudioVersion = 10.0.40219.1
Project("{FAE04EC0-301F-11D3-BF4B-00C04F79EFBC}") = "ConsoleApp1", "ConsoleApp1\ConsoleApp1.csproj", "{C36A20AD-9F30-498D-8591-FFA61C47AE83}"
EndProject
Global
	GlobalSection(SolutionConfigurationPlatforms) = preSolution
		Debug|Any CPU = Debug|Any CPU
		Release|Any CPU = Release|Any CPU
	EndGlobalSection
	GlobalSection(ProjectConfigurationPlatforms) = postSolution
		{C36A20AD-9F30-498D-8591-FFA61C47AE83}.Debug|Any CPU.ActiveCfg = Debug|Any CPU
		{C36A20AD-9F30-498D-8591-FFA61C47AE83}.Debug|Any CPU.Build.0 = Debug|Any CPU
		{C36A20AD-9F30-498D-8591-FFA61C47AE83}.Release|Any CPU.ActiveCfg = Release|Any CPU
		{C36A20AD-9F30-498D-8591-FFA61C47AE83}.Release|Any CPU.Build.0 = Release|Any CPU
	EndGlobalSection
	GlobalSection(SolutionProperties) = preSolution
		HideSolutionNode = FALSE
	EndGlobalSection
	GlobalSection(ExtensibilityGlobals) = postSolution
		SolutionGuid = {5751CD07-3A58-4D71-AFAF-50A02FAC479F}
	EndGlobalSection
EndGlobal
